
Microsoft Visual Studio Solution File, Format Version 12.00
# Visual Studio Version 17
VisualStudioVersion = 17.8.34525.116
MinimumVisualStudioVersion = 10.0.40219.1
Project("{FAE04EC0-301F-11D3-BF4B-00C04F79EFBC}") = "Array", "Array\Array.csproj", "{0EE35FCD-9C87-48B3-8BCB-99EE1E6ED8A7}"
EndProject
Global
	GlobalSection(SolutionConfigurationPlatforms) = preSolution
		Debug|Any CPU = Debug|Any CPU
		Release|Any CPU = Release|Any CPU
	EndGlobalSection
	GlobalSection(ProjectConfigurationPlatforms) = postSolution
		{0EE35FCD-9C87-48B3-8BCB-99EE1E6ED8A7}.Debug|Any CPU.ActiveCfg = Debug|Any CPU
		{0EE35FCD-9C87-48B3-8BCB-99EE1E6ED8A7}.Debug|Any CPU.Build.0 = Debug|Any CPU
		{0EE35FCD-9C87-48B3-8BCB-99EE1E6ED8A7}.Release|Any CPU.ActiveCfg = Release|Any CPU
		{0EE35FCD-9C87-48B3-8BCB-99EE1E6ED8A7}.Release|Any CPU.Build.0 = Release|Any CPU
	EndGlobalSection
	GlobalSection(SolutionProperties) = preSolution
		HideSolutionNode = FALSE
	EndGlobalSection
	GlobalSection(ExtensibilityGlobals) = postSolution
		SolutionGuid = {84073504-5F0C-470C-9580-67C3330CB483}
	EndGlobalSection
EndGlobal
